
Microsoft Visual Studio Solution File, Format Version 12.00
# Visual Studio Version 16
VisualStudioVersion = 16.0.30204.135
MinimumVisualStudioVersion = 10.0.40219.1
Project("{FAE04EC0-301F-11D3-BF4B-00C04F79EFBC}") = "Iron yayinevi", "Iron yayinevi\Iron yayinevi.csproj", "{F04ED536-F552-48F4-BE0C-EB3943CCE828}"
EndProject
Global
	GlobalSection(SolutionConfigurationPlatforms) = preSolution
		Debug|Any CPU = Debug|Any CPU
		Release|Any CPU = Release|Any CPU
	EndGlobalSection
	GlobalSection(ProjectConfigurationPlatforms) = postSolution
		{F04ED536-F552-48F4-BE0C-EB3943CCE828}.Debug|Any CPU.ActiveCfg = Debug|Any CPU
		{F04ED536-F552-48F4-BE0C-EB3943CCE828}.Debug|Any CPU.Build.0 = Debug|Any CPU
		{F04ED536-F552-48F4-BE0C-EB3943CCE828}.Release|Any CPU.ActiveCfg = Release|Any CPU
		{F04ED536-F552-48F4-BE0C-EB3943CCE828}.Release|Any CPU.Build.0 = Release|Any CPU
	EndGlobalSection
	GlobalSection(SolutionProperties) = preSolution
		HideSolutionNode = FALSE
	EndGlobalSection
	GlobalSection(ExtensibilityGlobals) = postSolution
		SolutionGuid = {02F4C01A-AE0B-43F7-B6B0-E491FC9EE39A}
	EndGlobalSection
EndGlobal
